
Microsoft Visual Studio Solution File, Format Version 12.00
# Visual Studio Version 17
VisualStudioVersion = 17.4.33213.308
MinimumVisualStudioVersion = 10.0.40219.1
Project("{8BC9CEB8-8B4A-11D0-8D11-00A0C91BC942}") = "close", "close.vcxproj", "{F48E9962-AF9C-41A5-ABDC-3F70A6BE3AF2}"
EndProject
Global
	GlobalSection(SolutionConfigurationPlatforms) = preSolution
		Debug|x64 = Debug|x64
		Debug|x86 = Debug|x86
		Release|x64 = Release|x64
		Release|x86 = Release|x86
	EndGlobalSection
	GlobalSection(ProjectConfigurationPlatforms) = postSolution
		{F48E9962-AF9C-41A5-ABDC-3F70A6BE3AF2}.Debug|x64.ActiveCfg = Debug|x64
		{F48E9962-AF9C-41A5-ABDC-3F70A6BE3AF2}.Debug|x64.Build.0 = Debug|x64
		{F48E9962-AF9C-41A5-ABDC-3F70A6BE3AF2}.Debug|x86.ActiveCfg = Debug|Win32
		{F48E9962-AF9C-41A5-ABDC-3F70A6BE3AF2}.Debug|x86.Build.0 = Debug|Win32
		{F48E9962-AF9C-41A5-ABDC-3F70A6BE3AF2}.Release|x64.ActiveCfg = Release|x64
		{F48E9962-AF9C-41A5-ABDC-3F70A6BE3AF2}.Release|x64.Build.0 = Release|x64
		{F48E9962-AF9C-41A5-ABDC-3F70A6BE3AF2}.Release|x86.ActiveCfg = Release|Win32
		{F48E9962-AF9C-41A5-ABDC-3F70A6BE3AF2}.Release|x86.Build.0 = Release|Win32
	EndGlobalSection
	GlobalSection(SolutionProperties) = preSolution
		HideSolutionNode = FALSE
	EndGlobalSection
	GlobalSection(ExtensibilityGlobals) = postSolution
		SolutionGuid = {38B84ABA-5BB6-43E6-AEFF-445330E54876}
	EndGlobalSection
EndGlobal
